
Microsoft Visual Studio Solution File, Format Version 12.00
# Visual Studio Version 17
VisualStudioVersion = 17.0.32112.339
MinimumVisualStudioVersion = 10.0.40219.1
Project("{8BC9CEB8-8B4A-11D0-8D11-00A0C91BC942}") = "1.4 Заповедная роща", "1.4 Заповедная роща.vcxproj", "{D89563FA-6444-441D-8B12-940402CE7286}"
EndProject
Global
	GlobalSection(SolutionConfigurationPlatforms) = preSolution
		Debug|x64 = Debug|x64
		Debug|x86 = Debug|x86
		Release|x64 = Release|x64
		Release|x86 = Release|x86
	EndGlobalSection
	GlobalSection(ProjectConfigurationPlatforms) = postSolution
		{D89563FA-6444-441D-8B12-940402CE7286}.Debug|x64.ActiveCfg = Debug|x64
		{D89563FA-6444-441D-8B12-940402CE7286}.Debug|x64.Build.0 = Debug|x64
		{D89563FA-6444-441D-8B12-940402CE7286}.Debug|x86.ActiveCfg = Debug|Win32
		{D89563FA-6444-441D-8B12-940402CE7286}.Debug|x86.Build.0 = Debug|Win32
		{D89563FA-6444-441D-8B12-940402CE7286}.Release|x64.ActiveCfg = Release|x64
		{D89563FA-6444-441D-8B12-940402CE7286}.Release|x64.Build.0 = Release|x64
		{D89563FA-6444-441D-8B12-940402CE7286}.Release|x86.ActiveCfg = Release|Win32
		{D89563FA-6444-441D-8B12-940402CE7286}.Release|x86.Build.0 = Release|Win32
	EndGlobalSection
	GlobalSection(SolutionProperties) = preSolution
		HideSolutionNode = FALSE
	EndGlobalSection
	GlobalSection(ExtensibilityGlobals) = postSolution
		SolutionGuid = {386737C3-6E9A-49A5-8AD8-D007727BE8C3}
	EndGlobalSection
EndGlobal
